{
  "nodes": {
    "crane": {
      "locked": {
        "lastModified": 1789760033,
        "narHash": "sha256-jtT4yxZpR8seYnlCMMWSSPlFN92zO6ICuZ8pJrmi86k=",
        "owner": "ipetkov",
        "repo": "crane",
        "rev": "73b980519cefc727a5f6cc8e5c0947a2f9be6edd",
        "type": "github"
      },
      "original": {
        "owner": "ipetkov",
        "repo": "crane",
        "type": "github"
      }
    },
    "ffmpeg": {
      "flake": false,
      "locked": {
        "lastModified": 1789867500,
        "narHash": "sha256-ppIWuQpIcohKoBneZJZ+1OaHLzi3KxtcLHZktQRz9Y4=",
        "owner": "FFmpeg",
        "repo": "FFmpeg",
        "rev": "a5923073bfd8f25b7300d93af3f8e690174ebd30",
        "type": "github"
      },
      "original": {
        "owner": "FFmpeg",
        "ref": "release/9.0",
        "repo": "FFmpeg",
        "type": "github"
      }
    },
    "laminix": {
      "inputs": {
        "nixpkgs": [
          "nixpkgs"
        ]
      },
      "locked": {
        "lastModified": 1790343721,
        "narHash": "sha256-/G/izbuu+MsrJwwXuMr7PeCB7T9SFBU6Z0Bxyylo5cQ=",
        "owner": "jackboykin",
        "repo": "laminix",
        "rev": "e723c6af31a8758243c0f85bdc41c04a90dc686d",
        "type": "github"
      },
      "original": {
        "owner": "jackboykin",
        "repo": "laminix",
        "type": "github"
      }
    },
    "lanzaboote": {
      "inputs": {
        "crane": "crane",
        "nixpkgs": [
          "nixpkgs"
        ],
        "pre-commit": [],
        "rust-overlay": [
          "rust-overlay"
        ]
      },
      "locked": {
        "lastModified": 1789982869,
        "narHash": "sha256-o72O4Y6YZ2q6SkgqU8krWJomtVW7gsTAVt1eAv8bebU=",
        "owner": "nix-community",
        "repo": "lanzaboote",
        "rev": "074c4938b829e745c878872fc165eea3a6b27399",
        "type": "github"
      },
      "original": {
        "owner": "nix-community",
        "repo": "lanzaboote",
        "type": "github"
      }
    },
    "nixpkgs": {
      "locked": {
        "lastModified": 1790229617,
        "narHash": "sha256-pumyL5IDyacNN0QlaBeQmfF8WGb0sEG9/IX8djC1KfM=",
        "owner": "NixOS",
        "repo": "nixpkgs",
        "rev": "a91f9ce905017e7d1c70b1a965d464c9840afecd",
        "type": "github"
      },
      "original": {
        "owner": "NixOS",
        "ref": "nixos-unstable-small",
        "repo": "nixpkgs",
        "type": "github"
      }
    },
    "quarry": {
      "inputs": {
        "nixpkgs": [
          "nixpkgs"
        ]
      },
      "locked": {
        "lastModified": 1789987139,
        "narHash": "sha256-jU3cwkuiFGd6bV7+b+14TmH7gkj8uFxqOfhP7BHRHNE=",
        "owner": "jackboykin",
        "repo": "quarry",
        "rev": "89c8b4c99a245b683e3debee8a5f1efd7a3769cd",
        "type": "github"
      },
      "original": {
        "owner": "jackboykin",
        "repo": "quarry",
        "type": "github"
      }
    },
    "root": {
      "inputs": {
        "ffmpeg": "ffmpeg",
        "laminix": "laminix",
        "lanzaboote": "lanzaboote",
        "nixpkgs": "nixpkgs",
        "quarry": "quarry",
        "rust-overlay": "rust-overlay",
        "sops-nix": "sops-nix"
      }
    },
    "rust-overlay": {
      "inputs": {
        "nixpkgs": [
          "nixpkgs"
        ]
      },
      "locked": {
        "lastModified": 1790234952,
        "narHash": "sha256-tjQa1vDoHJir4lasZTakz/xgmsfB6SRjeQqaIbefFOk=",
        "owner": "oxalica",
        "repo": "rust-overlay",
        "rev": "ed34466c59b766481248959a21a6e46cf0c60468",
        "type": "github"
      },
      "original": {
        "owner": "oxalica",
        "repo": "rust-overlay",
        "type": "github"
      }
    },
    "sops-nix": {
      "inputs": {
        "nixpkgs": [
          "nixpkgs"
        ]
      },
      "locked": {
        "lastModified": 1789890976,
        "narHash": "sha256-GKwH3zpy7tartuJMG0Rv/xUsdetG1QLmTVv8UKgJLmA=",
        "owner": "Mic92",
        "repo": "sops-nix",
        "rev": "7214124c20c1542c90deb54af50e2f53ae02711f",
        "type": "github"
      },
      "original": {
        "owner": "Mic92",
        "repo": "sops-nix",
        "type": "github"
      }
    }
  },
  "root": "root",
  "version": 7
}
